// !$*UTF8*$!
{
	archiveVersion = 1;
	classes = {
	};
	objectVersion = 50;
	objects = {

/* Begin PBXBuildFile section */
		85E8053720DF60D8009BC92E /* AppDelegate.swift in Sources */ = {isa = PBXBuildFile; fileRef = 85E8053620DF60D8009BC92E /* AppDelegate.swift */; };
		85E8053920DF60D8009BC92E /* ViewController.swift in Sources */ = {isa = PBXBuildFile; fileRef = 85E8053820DF60D8009BC92E /* ViewController.swift */; };
		85E8053C20DF60D8009BC92E /* Main.storyboard in Resources */ = {isa = PBXBuildFile; fileRef = 85E8053A20DF60D8009BC92E /* Main.storyboard */; };
		85E8053E20DF60DA009BC92E /* Assets.xcassets in Resources */ = {isa = PBXBuildFile; fileRef = 85E8053D20DF60DA009BC92E /* Assets.xcassets */; };
		85E8054120DF60DA009BC92E /* LaunchScreen.storyboard in Resources */ = {isa = PBXBuildFile; fileRef = 85E8053F20DF60DA009BC92E /* LaunchScreen.storyboard */; };
		85E8054C20DF60DA009BC92E /* ChambaTests.swift in Sources */ = {isa = PBXBuildFile; fileRef = 85E8054B20DF60DA009BC92E /* ChambaTests.swift */; };
		85E8055720DF60DB009BC92E /* ChambaUITests.swift in Sources */ = {isa = PBXBuildFile; fileRef = 85E8055620DF60DB009BC92E /* ChambaUITests.swift */; };
/* End PBXBuildFile section */

/* Begin PBXContainerItemProxy section */
		85E8054820DF60DA009BC92E /* PBXContainerItemProxy */ = {
			isa = PBXContainerItemProxy;
			containerPortal = 85E8052B20DF60D8009BC92E /* Project object */;
			proxyType = 1;
			remoteGlobalIDString = 85E8053220DF60D8009BC92E;
			remoteInfo = Chamba;
		};
		85E8055320DF60DB009BC92E /* PBXContainerItemProxy */ = {
			isa = PBXContainerItemProxy;
			containerPortal = 85E8052B20DF60D8009BC92E /* Project object */;
			proxyType = 1;
			remoteGlobalIDString = 85E8053220DF60D8009BC92E;
			remoteInfo = Chamba;
		};
/* End PBXContainerItemProxy section */

/* Begin PBXFileReference section */
		85E8053320DF60D8009BC92E /* Chamba.app */ = {isa = PBXFileReference; explicitFileType = wrapper.application; includeInIndex = 0; path = Chamba.app; sourceTree = BUILT_PRODUCTS_DIR; };
		85E8053620DF60D8009BC92E /* AppDelegate.swift */ = {isa = PBXFileReference; lastKnownFileType = sourcecode.swift; path = AppDelegate.swift; sourceTree = "<group>"; };
		85E8053820DF60D8009BC92E /* ViewController.swift */ = {isa = PBXFileReference; lastKnownFileType = sourcecode.swift; path = ViewController.swift; sourceTree = "<group>"; };
		85E8053B20DF60D8009BC92E /* Base */ = {isa = PBXFileReference; lastKnownFileType = file.storyboard; name = Base; path = Base.lproj/Main.storyboard; sourceTree = "<group>"; };
		85E8053D20DF60DA009BC92E /* Assets.xcassets */ = {isa = PBXFileReference; lastKnownFileType = folder.assetcatalog; path = Assets.xcassets; sourceTree = "<group>"; };
		85E8054020DF60DA009BC92E /* Base */ = {isa = PBXFileReference; lastKnownFileType = file.storyboard; name = Base; path = Base.lproj/LaunchScreen.storyboard; sourceTree = "<group>"; };
		85E8054220DF60DA009BC92E /* Info.plist */ = {isa = PBXFileReference; lastKnownFileType = text.plist.xml; path = Info.plist; sourceTree = "<group>"; };
		85E8054720DF60DA009BC92E /* ChambaTests.xctest */ = {isa = PBXFileReference; explicitFileType = wrapper.cfbundle; includeInIndex = 0; path = ChambaTests.xctest; sourceTree = BUILT_PRODUCTS_DIR; };
		85E8054B20DF60DA009BC92E /* ChambaTests.swift */ = {isa = PBXFileReference; lastKnownFileType = sourcecode.swift; path = ChambaTests.swift; sourceTree = "<group>"; };
		85E8054D20DF60DA009BC92E /* Info.plist */ = {isa = PBXFileReference; lastKnownFileType = text.plist.xml; path = Info.plist; sourceTree = "<group>"; };
		85E8055220DF60DB009BC92E /* ChambaUITests.xctest */ = {isa = PBXFileReference; explicitFileType = wrapper.cfbundle; includeInIndex = 0; path = ChambaUITests.xctest; sourceTree = BUILT_PRODUCTS_DIR; };
		85E8055620DF60DB009BC92E /* ChambaUITests.swift */ = {isa = PBXFileReference; lastKnownFileType = sourcecode.swift; path = ChambaUITests.swift; sourceTree = "<group>"; };
		85E8055820DF60DB009BC92E /* Info.plist */ = {isa = PBXFileReference; lastKnownFileType = text.plist.xml; path = Info.plist; sourceTree = "<group>"; };
/* End PBXFileReference section */

/* Begin PBXFrameworksBuildPhase section */
		85E8053020DF60D8009BC92E /* Frameworks */ = {
			isa = PBXFrameworksBuildPhase;
			buildActionMask = 2147483647;
			files = (
			);
			runOnlyForDeploymentPostprocessing = 0;
		};
		85E8054420DF60DA009BC92E /* Frameworks */ = {
			isa = PBXFrameworksBuildPhase;
			buildActionMask = 2147483647;
			files = (
			);
			runOnlyForDeploymentPostprocessing = 0;
		};
		85E8054F20DF60DB009BC92E /* Frameworks */ = {
			isa = PBXFrameworksBuildPhase;
			buildActionMask = 2147483647;
			files = (
			);
			runOnlyForDeploymentPostprocessing = 0;
		};
/* End PBXFrameworksBuildPhase section */

/* Begin PBXGroup section */
		85E8052A20DF60D8009BC92E = {
			isa = PBXGroup;
			children = (
				85E8053520DF60D8009BC92E /* Chamba */,
				85E8054A20DF60DA009BC92E /* ChambaTests */,
				85E8055520DF60DB009BC92E /* ChambaUITests */,
				85E8053420DF60D8009BC92E /* Products */,
			);
			sourceTree = "<group>";
		};
		85E8053420DF60D8009BC92E /* Products */ = {
			isa = PBXGroup;
			children = (
				85E8053320DF60D8009BC92E /* Chamba.app */,
				85E8054720DF60DA009BC92E /* ChambaTests.xctest */,
				85E8055220DF60DB009BC92E /* ChambaUITests.xctest */,
			);
			name = Products;
			sourceTree = "<group>";
		};
		85E8053520DF60D8009BC92E /* Chamba */ = {
			isa = PBXGroup;
			children = (
				85E8053620DF60D8009BC92E /* AppDelegate.swift */,
				85E8053820DF60D8009BC92E /* ViewController.swift */,
				85E8053A20DF60D8009BC92E /* Main.storyboard */,
				85E8053D20DF60DA009BC92E /* Assets.xcassets */,
				85E8053F20DF60DA009BC92E /* LaunchScreen.storyboard */,
				85E8054220DF60DA009BC92E /* Info.plist */,
			);
			path = Chamba;
			sourceTree = "<group>";
		};
		85E8054A20DF60DA009BC92E /* ChambaTests */ = {
			isa = PBXGroup;
			children = (
				85E8054B20DF60DA009BC92E /* ChambaTests.swift */,
				85E8054D20DF60DA009BC92E /* Info.plist */,
			);
			path = ChambaTests;
			sourceTree = "<group>";
		};
		85E8055520DF60DB009BC92E /* ChambaUITests */ = {
			isa = PBXGroup;
			children = (
				85E8055620DF60DB009BC92E /* ChambaUITests.swift */,
				85E8055820DF60DB009BC92E /* Info.plist */,
			);
			path = ChambaUITests;
			sourceTree = "<group>";
		};
/* End PBXGroup section */

/* Begin PBXNativeTarget section */
		85E8053220DF60D8009BC92E /* Chamba */ = {
			isa = PBXNativeTarget;
			buildConfigurationList = 85E8055B20DF60DB009BC92E /* Build configuration list for PBXNativeTarget "Chamba" */;
			buildPhases = (
				85E8052F20DF60D8009BC92E /* Sources */,
				85E8053020DF60D8009BC92E /* Frameworks */,
				85E8053120DF60D8009BC92E /* Resources */,
			);
			buildRules = (
			);
			dependencies = (
			);
			name = Chamba;
			productName = Chamba;
			productReference = 85E8053320DF60D8009BC92E /* Chamba.app */;
			productType = "com.apple.product-type.application";
		};
		85E8054620DF60DA009BC92E /* ChambaTests */ = {
			isa = PBXNativeTarget;
			buildConfigurationList = 85E8055E20DF60DB009BC92E /* Build configuration list for PBXNativeTarget "ChambaTests" */;
			buildPhases = (
				85E8054320DF60DA009BC92E /* Sources */,
				85E8054420DF60DA009BC92E /* Frameworks */,
				85E8054520DF60DA009BC92E /* Resources */,
			);
			buildRules = (
			);
			dependencies = (
				85E8054920DF60DA009BC92E /* PBXTargetDependency */,
			);
			name = ChambaTests;
			productName = ChambaTests;
			productReference = 85E8054720DF60DA009BC92E /* ChambaTests.xctest */;
			productType = "com.apple.product-type.bundle.unit-test";
		};
		85E8055120DF60DB009BC92E /* ChambaUITests */ = {
			isa = PBXNativeTarget;
			buildConfigurationList = 85E8056120DF60DB009BC92E /* Build configuration list for PBXNativeTarget "ChambaUITests" */;
			buildPhases = (
				85E8054E20DF60DB009BC92E /* Sources */,
				85E8054F20DF60DB009BC92E /* Frameworks */,
				85E8055020DF60DB009BC92E /* Resources */,
			);
			buildRules = (
			);
			dependencies = (
				85E8055420DF60DB009BC92E /* PBXTargetDependency */,
			);
			name = ChambaUITests;
			productName = ChambaUITests;
			productReference = 85E8055220DF60DB009BC92E /* ChambaUITests.xctest */;
			productType = "com.apple.product-type.bundle.ui-testing";
		};
/* End PBXNativeTarget section */

/* Begin PBXProject section */
		85E8052B20DF60D8009BC92E /* Project object */ = {
			isa = PBXProject;
			attributes = {
				LastSwiftUpdateCheck = 0930;
				LastUpgradeCheck = 0930;
				ORGANIZATIONNAME = "Rodolfo Castillo Vidrio";
				TargetAttributes = {
					85E8053220DF60D8009BC92E = {
						CreatedOnToolsVersion = 9.3;
					};
					85E8054620DF60DA009BC92E = {
						CreatedOnToolsVersion = 9.3;
						TestTargetID = 85E8053220DF60D8009BC92E;
					};
					85E8055120DF60DB009BC92E = {
						CreatedOnToolsVersion = 9.3;
						TestTargetID = 85E8053220DF60D8009BC92E;
					};
				};
			};
			buildConfigurationList = 85E8052E20DF60D8009BC92E /* Build configuration list for PBXProject "Chamba" */;
			compatibilityVersion = "Xcode 9.3";
			developmentRegion = en;
			hasScannedForEncodings = 0;
			knownRegions = (
				en,
				Base,
			);
			mainGroup = 85E8052A20DF60D8009BC92E;
			productRefGroup = 85E8053420DF60D8009BC92E /* Products */;
			projectDirPath = "";
			projectRoot = "";
			targets = (
				85E8053220DF60D8009BC92E /* Chamba */,
				85E8054620DF60DA009BC92E /* ChambaTests */,
				85E8055120DF60DB009BC92E /* ChambaUITests */,
			);
		};
/* End PBXProject section */

/* Begin PBXResourcesBuildPhase section */
		85E8053120DF60D8009BC92E /* Resources */ = {
			isa = PBXResourcesBuildPhase;
			buildActionMask = 2147483647;
			files = (
				85E8054120DF60DA009BC92E /* LaunchScreen.storyboard in Resources */,
				85E8053E20DF60DA009BC92E /* Assets.xcassets in Resources */,
				85E8053C20DF60D8009BC92E /* Main.storyboard in Resources */,
			);
			runOnlyForDeploymentPostprocessing = 0;
		};
		85E8054520DF60DA009BC92E /* Resources */ = {
			isa = PBXResourcesBuildPhase;
			buildActionMask = 2147483647;
			files = (
			);
			runOnlyForDeploymentPostprocessing = 0;
		};
		85E8055020DF60DB009BC92E /* Resources */ = {
			isa = PBXResourcesBuildPhase;
			buildActionMask = 2147483647;
			files = (
			);
			runOnlyForDeploymentPostprocessing = 0;
		};
/* End PBXResourcesBuildPhase section */

/* Begin PBXSourcesBuildPhase section */
		85E8052F20DF60D8009BC92E /* Sources */ = {
			isa = PBXSourcesBuildPhase;
			buildActionMask = 2147483647;
			files = (
				85E8053920DF60D8009BC92E /* ViewController.swift in Sources */,
				85E8053720DF60D8009BC92E /* AppDelegate.swift in Sources */,
			);
			runOnlyForDeploymentPostprocessing = 0;
		};
		85E8054320DF60DA009BC92E /* Sources */ = {
			isa = PBXSourcesBuildPhase;
			buildActionMask = 2147483647;
			files = (
				85E8054C20DF60DA009BC92E /* ChambaTests.swift in Sources */,
			);
			runOnlyForDeploymentPostprocessing = 0;
		};
		85E8054E20DF60DB009BC92E /* Sources */ = {
			isa = PBXSourcesBuildPhase;
			buildActionMask = 2147483647;
			files = (
				85E8055720DF60DB009BC92E /* ChambaUITests.swift in Sources */,
			);
			runOnlyForDeploymentPostprocessing = 0;
		};
/* End PBXSourcesBuildPhase section */

/* Begin PBXTargetDependency section */
		85E8054920DF60DA009BC92E /* PBXTargetDependency */ = {
			isa = PBXTargetDependency;
			target = 85E8053220DF60D8009BC92E /* Chamba */;
			targetProxy = 85E8054820DF60DA009BC92E /* PBXContainerItemProxy */;
		};
		85E8055420DF60DB009BC92E /* PBXTargetDependency */ = {
			isa = PBXTargetDependency;
			target = 85E8053220DF60D8009BC92E /* Chamba */;
			targetProxy = 85E8055320DF60DB009BC92E /* PBXContainerItemProxy */;
		};
/* End PBXTargetDependency section */

/* Begin PBXVariantGroup section */
		85E8053A20DF60D8009BC92E /* Main.storyboard */ = {
			isa = PBXVariantGroup;
			children = (
				85E8053B20DF60D8009BC92E /* Base */,
			);
			name = Main.storyboard;
			sourceTree = "<group>";
		};
		85E8053F20DF60DA009BC92E /* LaunchScreen.storyboard */ = {
			isa = PBXVariantGroup;
			children = (
				85E8054020DF60DA009BC92E /* Base */,
			);
			name = LaunchScreen.storyboard;
			sourceTree = "<group>";
		};
/* End PBXVariantGroup section */

/* Begin XCBuildConfiguration section */
		85E8055920DF60DB009BC92E /* Debug */ = {
			isa = XCBuildConfiguration;
			buildSettings = {
				ALWAYS_SEARCH_USER_PATHS = NO;
				CLANG_ANALYZER_NONNULL = YES;
				CLANG_ANALYZER_NUMBER_OBJECT_CONVERSION = YES_AGGRESSIVE;
				CLANG_CXX_LANGUAGE_STANDARD = "gnu++14";
				CLANG_CXX_LIBRARY = "libc++";
				CLANG_ENABLE_MODULES = YES;
				CLANG_ENABLE_OBJC_ARC = YES;
				CLANG_ENABLE_OBJC_WEAK = YES;
				CLANG_WARN_BLOCK_CAPTURE_AUTORELEASING = YES;
				CLANG_WARN_BOOL_CONVERSION = YES;
				CLANG_WARN_COMMA = YES;
				CLANG_WARN_CONSTANT_CONVERSION = YES;
				CLANG_WARN_DEPRECATED_OBJC_IMPLEMENTATIONS = YES;
				CLANG_WARN_DIRECT_OBJC_ISA_USAGE = YES_ERROR;
				CLANG_WARN_DOCUMENTATION_COMMENTS = YES;
				CLANG_WARN_EMPTY_BODY = YES;
				CLANG_WARN_ENUM_CONVERSION = YES;
				CLANG_WARN_INFINITE_RECURSION = YES;
				CLANG_WARN_INT_CONVERSION = YES;
				CLANG_WARN_NON_LITERAL_NULL_CONVERSION = YES;
				CLANG_WARN_OBJC_IMPLICIT_RETAIN_SELF = YES;
				CLANG_WARN_OBJC_LITERAL_CONVERSION = YES;
				CLANG_WARN_OBJC_ROOT_CLASS = YES_ERROR;
				CLANG_WARN_RANGE_LOOP_ANALYSIS = YES;
				CLANG_WARN_STRICT_PROTOTYPES = YES;
				CLANG_WARN_SUSPICIOUS_MOVE = YES;
				CLANG_WARN_UNGUARDED_AVAILABILITY = YES_AGGRESSIVE;
				CLANG_WARN_UNREACHABLE_CODE = YES;
				CLANG_WARN__DUPLICATE_METHOD_MATCH = YES;
				CODE_SIGN_IDENTITY = "iPhone Developer";
				COPY_PHASE_STRIP = NO;
				DEBUG_INFORMATION_FORMAT = dwarf;
				ENABLE_STRICT_OBJC_MSGSEND = YES;
				ENABLE_TESTABILITY = YES;
				GCC_C_LANGUAGE_STANDARD = gnu11;
				GCC_DYNAMIC_NO_PIC = NO;
				GCC_NO_COMMON_BLOCKS = YES;
				GCC_OPTIMIZATION_LEVEL = 0;
				GCC_PREPROCESSOR_DEFINITIONS = (
					"DEBUG=1",
					"$(inherited)",
				);
				GCC_WARN_64_TO_32_BIT_CONVERSION = YES;
				GCC_WARN_ABOUT_RETURN_TYPE = YES_ERROR;
				GCC_WARN_UNDECLARED_SELECTOR = YES;
				GCC_WARN_UNINITIALIZED_AUTOS = YES_AGGRESSIVE;
				GCC_WARN_UNUSED_FUNCTION = YES;
				GCC_WARN_UNUSED_VARIABLE = YES;
				IPHONEOS_DEPLOYMENT_TARGET = 11.3;
				MTL_ENABLE_DEBUG_INFO = YES;
				ONLY_ACTIVE_ARCH = YES;
				SDKROOT = iphoneos;
				SWIFT_ACTIVE_COMPILATION_CONDITIONS = DEBUG;
				SWIFT_OPTIMIZATION_LEVEL = "-Onone";
			};
			name = Debug;
		};
		85E8055A20DF60DB009BC92E /* Release */ = {
			isa = XCBuildConfiguration;
			buildSettings = {
				ALWAYS_SEARCH_USER_PATHS = NO;
				CLANG_ANALYZER_NONNULL = YES;
				CLANG_ANALYZER_NUMBER_OBJECT_CONVERSION = YES_AGGRESSIVE;
				CLANG_CXX_LANGUAGE_STANDARD = "gnu++14";
				CLANG_CXX_LIBRARY = "libc++";
				CLANG_ENABLE_MODULES = YES;
				CLANG_ENABLE_OBJC_ARC = YES;
				CLANG_ENABLE_OBJC_WEAK = YES;
				CLANG_WARN_BLOCK_CAPTURE_AUTORELEASING = YES;
				CLANG_WARN_BOOL_CONVERSION = YES;
				CLANG_WARN_COMMA = YES;
				CLANG_WARN_CONSTANT_CONVERSION = YES;
				CLANG_WARN_DEPRECATED_OBJC_IMPLEMENTATIONS = YES;
				CLANG_WARN_DIRECT_OBJC_ISA_USAGE = YES_ERROR;
				CLANG_WARN_DOCUMENTATION_COMMENTS = YES;
				CLANG_WARN_EMPTY_BODY = YES;
				CLANG_WARN_ENUM_CONVERSION = YES;
				CLANG_WARN_INFINITE_RECURSION = YES;
				CLANG_WARN_INT_CONVERSION = YES;
				CLANG_WARN_NON_LITERAL_NULL_CONVERSION = YES;
				CLANG_WARN_OBJC_IMPLICIT_RETAIN_SELF = YES;
				CLANG_WARN_OBJC_LITERAL_CONVERSION = YES;
				CLANG_WARN_OBJC_ROOT_CLASS = YES_ERROR;
				CLANG_WARN_RANGE_LOOP_ANALYSIS = YES;
				CLANG_WARN_STRICT_PROTOTYPES = YES;
				CLANG_WARN_SUSPICIOUS_MOVE = YES;
				CLANG_WARN_UNGUARDED_AVAILABILITY = YES_AGGRESSIVE;
				CLANG_WARN_UNREACHABLE_CODE = YES;
				CLANG_WARN__DUPLICATE_METHOD_MATCH = YES;
				CODE_SIGN_IDENTITY = "iPhone Developer";
				COPY_PHASE_STRIP = NO;
				DEBUG_INFORMATION_FORMAT = "dwarf-with-dsym";
				ENABLE_NS_ASSERTIONS = NO;
				ENABLE_STRICT_OBJC_MSGSEND = YES;
				GCC_C_LANGUAGE_STANDARD = gnu11;
				GCC_NO_COMMON_BLOCKS = YES;
				GCC_WARN_64_TO_32_BIT_CONVERSION = YES;
				GCC_WARN_ABOUT_RETURN_TYPE = YES_ERROR;
				GCC_WARN_UNDECLARED_SELECTOR = YES;
				GCC_WARN_UNINITIALIZED_AUTOS = YES_AGGRESSIVE;
				GCC_WARN_UNUSED_FUNCTION = YES;
				GCC_WARN_UNUSED_VARIABLE = YES;
				IPHONEOS_DEPLOYMENT_TARGET = 11.3;
				MTL_ENABLE_DEBUG_INFO = NO;
				SDKROOT = iphoneos;
				SWIFT_COMPILATION_MODE = wholemodule;
				SWIFT_OPTIMIZATION_LEVEL = "-O";
				VALIDATE_PRODUCT = YES;
			};
			name = Release;
		};
		85E8055C20DF60DB009BC92E /* Debug */ = {
			isa = XCBuildConfiguration;
			buildSettings = {
				ASSETCATALOG_COMPILER_APPICON_NAME = AppIcon;
				CODE_SIGN_STYLE = Automatic;
				INFOPLIST_FILE = Chamba/Info.plist;
				LD_RUNPATH_SEARCH_PATHS = (
					"$(inherited)",
					"@executable_path/Frameworks",
				);
				PRODUCT_BUNDLE_IDENTIFIER = rodolfo.io.Chamba;
				PRODUCT_NAME = "$(TARGET_NAME)";
				SWIFT_VERSION = 4.0;
				TARGETED_DEVICE_FAMILY = "1,2";
			};
			name = Debug;
		};
		85E8055D20DF60DB009BC92E /* Release */ = {
			isa = XCBuildConfiguration;
			buildSettings = {
				ASSETCATALOG_COMPILER_APPICON_NAME = AppIcon;
				CODE_SIGN_STYLE = Automatic;
				INFOPLIST_FILE = Chamba/Info.plist;
				LD_RUNPATH_SEARCH_PATHS = (
					"$(inherited)",
					"@executable_path/Frameworks",
				);
				PRODUCT_BUNDLE_IDENTIFIER = rodolfo.io.Chamba;
				PRODUCT_NAME = "$(TARGET_NAME)";
				SWIFT_VERSION = 4.0;
				TARGETED_DEVICE_FAMILY = "1,2";
			};
			name = Release;
		};
		85E8055F20DF60DB009BC92E /* Debug */ = {
			isa = XCBuildConfiguration;
			buildSettings = {
				ALWAYS_EMBED_SWIFT_STANDARD_LIBRARIES = YES;
				BUNDLE_LOADER = "$(TEST_HOST)";
				CODE_SIGN_STYLE = Automatic;
				INFOPLIST_FILE = ChambaTests/Info.plist;
				LD_RUNPATH_SEARCH_PATHS = (
					"$(inherited)",
					"@executable_path/Frameworks",
					"@loader_path/Frameworks",
				);
				PRODUCT_BUNDLE_IDENTIFIER = rodolfo.io.ChambaTests;
				PRODUCT_NAME = "$(TARGET_NAME)";
				SWIFT_VERSION = 4.0;
				TARGETED_DEVICE_FAMILY = "1,2";
				TEST_HOST = "$(BUILT_PRODUCTS_DIR)/Chamba.app/Chamba";
			};
			name = Debug;
		};
		85E8056020DF60DB009BC92E /* Release */ = {
			isa = XCBuildConfiguration;
			buildSettings = {
				ALWAYS_EMBED_SWIFT_STANDARD_LIBRARIES = YES;
				BUNDLE_LOADER = "$(TEST_HOST)";
				CODE_SIGN_STYLE = Automatic;
				INFOPLIST_FILE = ChambaTests/Info.plist;
				LD_RUNPATH_SEARCH_PATHS = (
					"$(inherited)",
					"@executable_path/Frameworks",
					"@loader_path/Frameworks",
				);
				PRODUCT_BUNDLE_IDENTIFIER = rodolfo.io.ChambaTests;
				PRODUCT_NAME = "$(TARGET_NAME)";
				SWIFT_VERSION = 4.0;
				TARGETED_DEVICE_FAMILY = "1,2";
				TEST_HOST = "$(BUILT_PRODUCTS_DIR)/Chamba.app/Chamba";
			};
			name = Release;
		};
		85E8056220DF60DB009BC92E /* Debug */ = {
			isa = XCBuildConfiguration;
			buildSettings = {
				ALWAYS_EMBED_SWIFT_STANDARD_LIBRARIES = YES;
				CODE_SIGN_STYLE = Automatic;
				INFOPLIST_FILE = ChambaUITests/Info.plist;
				LD_RUNPATH_SEARCH_PATHS = (
					"$(inherited)",
					"@executable_path/Frameworks",
					"@loader_path/Frameworks",
				);
				PRODUCT_BUNDLE_IDENTIFIER = rodolfo.io.ChambaUITests;
				PRODUCT_NAME = "$(TARGET_NAME)";
				SWIFT_VERSION = 4.0;
				TARGETED_DEVICE_FAMILY = "1,2";
				TEST_TARGET_NAME = Chamba;
			};
			name = Debug;
		};
		85E8056320DF60DB009BC92E /* Release */ = {
			isa = XCBuildConfiguration;
			buildSettings = {
				ALWAYS_EMBED_SWIFT_STANDARD_LIBRARIES = YES;
				CODE_SIGN_STYLE = Automatic;
				INFOPLIST_FILE = ChambaUITests/Info.plist;
				LD_RUNPATH_SEARCH_PATHS = (
					"$(inherited)",
					"@executable_path/Frameworks",
					"@loader_path/Frameworks",
				);
				PRODUCT_BUNDLE_IDENTIFIER = rodolfo.io.ChambaUITests;
				PRODUCT_NAME = "$(TARGET_NAME)";
				SWIFT_VERSION = 4.0;
				TARGETED_DEVICE_FAMILY = "1,2";
				TEST_TARGET_NAME = Chamba;
			};
			name = Release;
		};
/* End XCBuildConfiguration section */

/* Begin XCConfigurationList section */
		85E8052E20DF60D8009BC92E /* Build configuration list for PBXProject "Chamba" */ = {
			isa = XCConfigurationList;
			buildConfigurations = (
				85E8055920DF60DB009BC92E /* Debug */,
				85E8055A20DF60DB009BC92E /* Release */,
			);
			defaultConfigurationIsVisible = 0;
			defaultConfigurationName = Release;
		};
		85E8055B20DF60DB009BC92E /* Build configuration list for PBXNativeTarget "Chamba" */ = {
			isa = XCConfigurationList;
			buildConfigurations = (
				85E8055C20DF60DB009BC92E /* Debug */,
				85E8055D20DF60DB009BC92E /* Release */,
			);
			defaultConfigurationIsVisible = 0;
			defaultConfigurationName = Release;
		};
		85E8055E20DF60DB009BC92E /* Build configuration list for PBXNativeTarget "ChambaTests" */ = {
			isa = XCConfigurationList;
			buildConfigurations = (
				85E8055F20DF60DB009BC92E /* Debug */,
				85E8056020DF60DB009BC92E /* Release */,
			);
			defaultConfigurationIsVisible = 0;
			defaultConfigurationName = Release;
		};
		85E8056120DF60DB009BC92E /* Build configuration list for PBXNativeTarget "ChambaUITests" */ = {
			isa = XCConfigurationList;
			buildConfigurations = (
				85E8056220DF60DB009BC92E /* Debug */,
				85E8056320DF60DB009BC92E /* Release */,
			);
			defaultConfigurationIsVisible = 0;
			defaultConfigurationName = Release;
		};
/* End XCConfigurationList section */
	};
	rootObject = 85E8052B20DF60D8009BC92E /* Project object */;
}
